Microsoft Visual Studio Solution File, Format Version 11.00
# Visual Studio 2008

Project("{7BC86A44-B320-AE0C-D518-C3C8AFD4DFDC}") = "Beards_Unity", "Assembly-CSharp-firstpass.csproj", "{09D97EE8-4EF7-DE62-8070-8588A79F59A5}"
EndProject
Project("{7BC86A44-B320-AE0C-D518-C3C8AFD4DFDC}") = "Beards_Unity", "Assembly-CSharp.csproj", "{04697F23-C7DE-06B2-D7BB-1F76F5DE97D1}"
EndProject
Project("{7BC86A44-B320-AE0C-D518-C3C8AFD4DFDC}") = "Beards_Unity", "Assembly-CSharp-Editor.csproj", "{452060EA-F38E-8425-AD47-356DE78BFC4E}"
EndProject
Global
	GlobalSection(SolutionConfigurationPlatforms) = preSolution
		Debug|Any CPU = Debug|Any CPU
		Release|Any CPU = Release|Any CPU
	EndGlobalSection
	GlobalSection(ProjectConfigurationPlatforms) = postSolution
		{09D97EE8-4EF7-DE62-8070-8588A79F59A5}.Debug|Any CPU.ActiveCfg = Debug|Any CPU
		{09D97EE8-4EF7-DE62-8070-8588A79F59A5}.Debug|Any CPU.Build.0 = Debug|Any CPU
		{09D97EE8-4EF7-DE62-8070-8588A79F59A5}.Release|Any CPU.ActiveCfg = Release|Any CPU
		{09D97EE8-4EF7-DE62-8070-8588A79F59A5}.Release|Any CPU.Build.0 = Release|Any CPU
		{04697F23-C7DE-06B2-D7BB-1F76F5DE97D1}.Debug|Any CPU.ActiveCfg = Debug|Any CPU
		{04697F23-C7DE-06B2-D7BB-1F76F5DE97D1}.Debug|Any CPU.Build.0 = Debug|Any CPU
		{04697F23-C7DE-06B2-D7BB-1F76F5DE97D1}.Release|Any CPU.ActiveCfg = Release|Any CPU
		{04697F23-C7DE-06B2-D7BB-1F76F5DE97D1}.Release|Any CPU.Build.0 = Release|Any CPU
		{452060EA-F38E-8425-AD47-356DE78BFC4E}.Debug|Any CPU.ActiveCfg = Debug|Any CPU
		{452060EA-F38E-8425-AD47-356DE78BFC4E}.Debug|Any CPU.Build.0 = Debug|Any CPU
		{452060EA-F38E-8425-AD47-356DE78BFC4E}.Release|Any CPU.ActiveCfg = Release|Any CPU
		{452060EA-F38E-8425-AD47-356DE78BFC4E}.Release|Any CPU.Build.0 = Release|Any CPU
	EndGlobalSection
	GlobalSection(SolutionProperties) = preSolution
		HideSolutionNode = FALSE
	EndGlobalSection
	
EndGlobal
